
Microsoft Visual Studio Solution File, Format Version 12.00
# Visual Studio 15
VisualStudioVersion = 15.0.27130.2036
MinimumVisualStudioVersion = 10.0.40219.1
Project("{9A19103F-16F7-4668-BE54-9A1E7A4F7556}") = "RedisCacheLearn", "RedisCacheLearn\RedisCacheLearn.csproj", "{1E3D01DB-A91B-4862-B297-3981FA57903F}"
EndProject
Project("{9A19103F-16F7-4668-BE54-9A1E7A4F7556}") = "DistributedCacheSession", "DistributedCacheSession\DistributedCacheSession.csproj", "{7210CA3E-C652-4865-81CD-5C10F23578BC}"
EndProject
Project("{FAE04EC0-301F-11D3-BF4B-00C04F79EFBC}") = "RedisConsoleApp", "RedisConsoleApp\RedisConsoleApp.csproj", "{E5493AC8-391F-4510-85C5-4FA5EE0A0CE4}"
EndProject
Global
	GlobalSection(SolutionConfigurationPlatforms) = preSolution
		Debug|Any CPU = Debug|Any CPU
		Release|Any CPU = Release|Any CPU
	EndGlobalSection
	GlobalSection(ProjectConfigurationPlatforms) = postSolution
		{1E3D01DB-A91B-4862-B297-3981FA57903F}.Debug|Any CPU.ActiveCfg = Debug|Any CPU
		{1E3D01DB-A91B-4862-B297-3981FA57903F}.Debug|Any CPU.Build.0 = Debug|Any CPU
		{1E3D01DB-A91B-4862-B297-3981FA57903F}.Release|Any CPU.ActiveCfg = Release|Any CPU
		{1E3D01DB-A91B-4862-B297-3981FA57903F}.Release|Any CPU.Build.0 = Release|Any CPU
		{7210CA3E-C652-4865-81CD-5C10F23578BC}.Debug|Any CPU.ActiveCfg = Debug|Any CPU
		{7210CA3E-C652-4865-81CD-5C10F23578BC}.Debug|Any CPU.Build.0 = Debug|Any CPU
		{7210CA3E-C652-4865-81CD-5C10F23578BC}.Release|Any CPU.ActiveCfg = Release|Any CPU
		{7210CA3E-C652-4865-81CD-5C10F23578BC}.Release|Any CPU.Build.0 = Release|Any CPU
		{E5493AC8-391F-4510-85C5-4FA5EE0A0CE4}.Debug|Any CPU.ActiveCfg = Debug|Any CPU
		{E5493AC8-391F-4510-85C5-4FA5EE0A0CE4}.Debug|Any CPU.Build.0 = Debug|Any CPU
		{E5493AC8-391F-4510-85C5-4FA5EE0A0CE4}.Release|Any CPU.ActiveCfg = Release|Any CPU
		{E5493AC8-391F-4510-85C5-4FA5EE0A0CE4}.Release|Any CPU.Build.0 = Release|Any CPU
	EndGlobalSection
	GlobalSection(SolutionProperties) = preSolution
		HideSolutionNode = FALSE
	EndGlobalSection
	GlobalSection(ExtensibilityGlobals) = postSolution
		SolutionGuid = {C65C946F-1556-4F35-A38B-37A1CD353C88}
	EndGlobalSection
EndGlobal
